
Microsoft Visual Studio Solution File, Format Version 12.00
# Visual Studio Version 17
VisualStudioVersion = 17.0.31903.59
MinimumVisualStudioVersion = 10.0.40219.1
Project("{FAE04EC0-301F-11D3-BF4B-00C04F79EFBC}") = "ManualDesktopForm", "ManualDesktopForm\ManualDesktopForm\ManualDesktopForm.csproj", "{7B6F5953-FD8D-F2F7-A2C7-2B13430C5836}"
EndProject
Project("{FAE04EC0-301F-11D3-BF4B-00C04F79EFBC}") = "EsperCertProject", "EsperCertProject\EsperCertProject\EsperCertProject.csproj", "{29BACE35-6626-4221-32CC-01C8956E773E}"
EndProject
Global
	GlobalSection(SolutionConfigurationPlatforms) = preSolution
		Debug|Any CPU = Debug|Any CPU
		Release|Any CPU = Release|Any CPU
	EndGlobalSection
	GlobalSection(ProjectConfigurationPlatforms) = postSolution
		{7B6F5953-FD8D-F2F7-A2C7-2B13430C5836}.Debug|Any CPU.ActiveCfg = Debug|Any CPU
		{7B6F5953-FD8D-F2F7-A2C7-2B13430C5836}.Debug|Any CPU.Build.0 = Debug|Any CPU
		{7B6F5953-FD8D-F2F7-A2C7-2B13430C5836}.Release|Any CPU.ActiveCfg = Release|Any CPU
		{7B6F5953-FD8D-F2F7-A2C7-2B13430C5836}.Release|Any CPU.Build.0 = Release|Any CPU
		{29BACE35-6626-4221-32CC-01C8956E773E}.Debug|Any CPU.ActiveCfg = Debug|Any CPU
		{29BACE35-6626-4221-32CC-01C8956E773E}.Debug|Any CPU.Build.0 = Debug|Any CPU
		{29BACE35-6626-4221-32CC-01C8956E773E}.Release|Any CPU.ActiveCfg = Release|Any CPU
		{29BACE35-6626-4221-32CC-01C8956E773E}.Release|Any CPU.Build.0 = Release|Any CPU
	EndGlobalSection
	GlobalSection(SolutionProperties) = preSolution
		HideSolutionNode = FALSE
	EndGlobalSection
EndGlobal
